{
  "object": {
    "pins": [
      {
        "package": "Support",
        "repositoryURL": "https://github.com/zuhlke/Support.git",
        "state": {
          "branch": null,
          "revision": "ac2f5324ef16e12b2f0af635e4462e7dbc095548",
          "version": "2.7.0"
        }
      }
    ]
  },
  "version": 1
}
